// !$*UTF8*$!
{
	archiveVersion = 1;
	classes = {
	};
	objectVersion = 50;
	objects = {

/* Begin PBXBuildFile section */
		C0191EFE24F1E170004A08AD /* IconWrappedAvatar.swift in Sources */ = {isa = PBXBuildFile; fileRef = C0191EFD24F1E170004A08AD /* IconWrappedAvatar.swift */; };
		C0191EFF24F1E170004A08AD /* IconWrappedAvatar.swift in Sources */ = {isa = PBXBuildFile; fileRef = C0191EFD24F1E170004A08AD /* IconWrappedAvatar.swift */; };
		C04FCAE624F194FB000CD3DE /* Tests_iOS.swift in Sources */ = {isa = PBXBuildFile; fileRef = C04FCAE524F194FB000CD3DE /* Tests_iOS.swift */; };
		C04FCAF124F194FB000CD3DE /* Tests_macOS.swift in Sources */ = {isa = PBXBuildFile; fileRef = C04FCAF024F194FB000CD3DE /* Tests_macOS.swift */; };
		C04FCAF324F194FB000CD3DE /* MoodAIApp.swift in Sources */ = {isa = PBXBuildFile; fileRef = C04FCACA24F194FA000CD3DE /* MoodAIApp.swift */; };
		C04FCAF424F194FB000CD3DE /* MoodAIApp.swift in Sources */ = {isa = PBXBuildFile; fileRef = C04FCACA24F194FA000CD3DE /* MoodAIApp.swift */; };
		C04FCAF524F194FB000CD3DE /* IntroView.swift in Sources */ = {isa = PBXBuildFile; fileRef = C04FCACB24F194FA000CD3DE /* IntroView.swift */; };
		C04FCAF624F194FB000CD3DE /* IntroView.swift in Sources */ = {isa = PBXBuildFile; fileRef = C04FCACB24F194FA000CD3DE /* IntroView.swift */; };
		C04FCAF724F194FB000CD3DE /* Assets.xcassets in Resources */ = {isa = PBXBuildFile; fileRef = C04FCACC24F194FA000CD3DE /* Assets.xcassets */; };
		C04FCAF824F194FB000CD3DE /* Assets.xcassets in Resources */ = {isa = PBXBuildFile; fileRef = C04FCACC24F194FA000CD3DE /* Assets.xcassets */; };
		C04FCB0924F196E4000CD3DE /* Theme.swift in Sources */ = {isa = PBXBuildFile; fileRef = C04FCB0824F196E4000CD3DE /* Theme.swift */; };
		C04FCB0A24F196E4000CD3DE /* Theme.swift in Sources */ = {isa = PBXBuildFile; fileRef = C04FCB0824F196E4000CD3DE /* Theme.swift */; };
		C04FCB0D24F19A7A000CD3DE /* CloudPainter.swift in Sources */ = {isa = PBXBuildFile; fileRef = C04FCB0C24F19A7A000CD3DE /* CloudPainter.swift */; };
		C04FCB0E24F19A7A000CD3DE /* CloudPainter.swift in Sources */ = {isa = PBXBuildFile; fileRef = C04FCB0C24F19A7A000CD3DE /* CloudPainter.swift */; };
		C04FCB1324F19C38000CD3DE /* Cloud.swift in Sources */ = {isa = PBXBuildFile; fileRef = C04FCB1224F19C38000CD3DE /* Cloud.swift */; };
		C04FCB1424F19C38000CD3DE /* Cloud.swift in Sources */ = {isa = PBXBuildFile; fileRef = C04FCB1224F19C38000CD3DE /* Cloud.swift */; };
		C04FCB1624F1A74B000CD3DE /* CircleAvatar.swift in Sources */ = {isa = PBXBuildFile; fileRef = C04FCB1524F1A74B000CD3DE /* CircleAvatar.swift */; };
		C04FCB1724F1A74B000CD3DE /* CircleAvatar.swift in Sources */ = {isa = PBXBuildFile; fileRef = C04FCB1524F1A74B000CD3DE /* CircleAvatar.swift */; };
		C04FCB1A24F1AA26000CD3DE /* ProgressBorder.swift in Sources */ = {isa = PBXBuildFile; fileRef = C04FCB1824F1AA26000CD3DE /* ProgressBorder.swift */; };
		C04FCB1B24F1AA26000CD3DE /* ProgressBorder.swift in Sources */ = {isa = PBXBuildFile; fileRef = C04FCB1824F1AA26000CD3DE /* ProgressBorder.swift */; };
		C04FCB1C24F1AA26000CD3DE /* Pie.swift in Sources */ = {isa = PBXBuildFile; fileRef = C04FCB1924F1AA26000CD3DE /* Pie.swift */; };
		C04FCB1D24F1AA26000CD3DE /* Pie.swift in Sources */ = {isa = PBXBuildFile; fileRef = C04FCB1924F1AA26000CD3DE /* Pie.swift */; };
		C04FCB2124F1B06C000CD3DE /* DoubleHelpers.swift in Sources */ = {isa = PBXBuildFile; fileRef = C04FCB2024F1B06C000CD3DE /* DoubleHelpers.swift */; };
		C04FCB2224F1B06C000CD3DE /* DoubleHelpers.swift in Sources */ = {isa = PBXBuildFile; fileRef = C04FCB2024F1B06C000CD3DE /* DoubleHelpers.swift */; };
		C06658A624FC630600F55476 /* User.swift in Sources */ = {isa = PBXBuildFile; fileRef = C06658A524FC630600F55476 /* User.swift */; };
		C06658A724FC630600F55476 /* User.swift in Sources */ = {isa = PBXBuildFile; fileRef = C06658A524FC630600F55476 /* User.swift */; };
		C06658AA24FC646D00F55476 /* DBError.swift in Sources */ = {isa = PBXBuildFile; fileRef = C06658A924FC646D00F55476 /* DBError.swift */; };
		C06658AB24FC646D00F55476 /* DBError.swift in Sources */ = {isa = PBXBuildFile; fileRef = C06658A924FC646D00F55476 /* DBError.swift */; };
		C06658AD24FC806200F55476 /* AvatarButtons.swift in Sources */ = {isa = PBXBuildFile; fileRef = C06658AC24FC806200F55476 /* AvatarButtons.swift */; };
		C06658AE24FC806200F55476 /* AvatarButtons.swift in Sources */ = {isa = PBXBuildFile; fileRef = C06658AC24FC806200F55476 /* AvatarButtons.swift */; };
		C06738A124F1CFD100857056 /* IconView.swift in Sources */ = {isa = PBXBuildFile; fileRef = C06738A024F1CFD100857056 /* IconView.swift */; };
		C06738A224F1CFD100857056 /* IconView.swift in Sources */ = {isa = PBXBuildFile; fileRef = C06738A024F1CFD100857056 /* IconView.swift */; };
		C095303224F4072E001AD4D9 /* Title.swift in Sources */ = {isa = PBXBuildFile; fileRef = C095303124F4072E001AD4D9 /* Title.swift */; };
		C095303324F4072E001AD4D9 /* Title.swift in Sources */ = {isa = PBXBuildFile; fileRef = C095303124F4072E001AD4D9 /* Title.swift */; };
		C095303524F407B7001AD4D9 /* Subtitle.swift in Sources */ = {isa = PBXBuildFile; fileRef = C095303424F407B7001AD4D9 /* Subtitle.swift */; };
		C095303624F407B7001AD4D9 /* Subtitle.swift in Sources */ = {isa = PBXBuildFile; fileRef = C095303424F407B7001AD4D9 /* Subtitle.swift */; };
		C0B1D2E324FC141F00553F23 /* IntroProgress.swift in Sources */ = {isa = PBXBuildFile; fileRef = C0B1D2E224FC141F00553F23 /* IntroProgress.swift */; };
		C0B1D2E424FC141F00553F23 /* IntroProgress.swift in Sources */ = {isa = PBXBuildFile; fileRef = C0B1D2E224FC141F00553F23 /* IntroProgress.swift */; };
		C0B1D2E724FC1F1500553F23 /* IntroStage.swift in Sources */ = {isa = PBXBuildFile; fileRef = C0B1D2E624FC1F1500553F23 /* IntroStage.swift */; };
		C0B1D2E824FC1F1500553F23 /* IntroStage.swift in Sources */ = {isa = PBXBuildFile; fileRef = C0B1D2E624FC1F1500553F23 /* IntroStage.swift */; };
		C0B1D2EA24FC1F2F00553F23 /* IntroStep.swift in Sources */ = {isa = PBXBuildFile; fileRef = C0B1D2E924FC1F2F00553F23 /* IntroStep.swift */; };
		C0B1D2EB24FC1F2F00553F23 /* IntroStep.swift in Sources */ = {isa = PBXBuildFile; fileRef = C0B1D2E924FC1F2F00553F23 /* IntroStep.swift */; };
		C0B1D2F624FC362A00553F23 /* AvatarView.swift in Sources */ = {isa = PBXBuildFile; fileRef = C0B1D2F524FC362A00553F23 /* AvatarView.swift */; };
		C0B1D2F724FC362A00553F23 /* AvatarView.swift in Sources */ = {isa = PBXBuildFile; fileRef = C0B1D2F524FC362A00553F23 /* AvatarView.swift */; };
		C0D1C4CF24F2C3DB00703B6A /* NextButton.swift in Sources */ = {isa = PBXBuildFile; fileRef = C0D1C4CE24F2C3DB00703B6A /* NextButton.swift */; };
		C0D1C4D024F2C3DB00703B6A /* NextButton.swift in Sources */ = {isa = PBXBuildFile; fileRef = C0D1C4CE24F2C3DB00703B6A /* NextButton.swift */; };
		C0D1C4D224F2CE9400703B6A /* Avatar.swift in Sources */ = {isa = PBXBuildFile; fileRef = C0D1C4D124F2CE9400703B6A /* Avatar.swift */; };
		C0D1C4D324F2CE9400703B6A /* Avatar.swift in Sources */ = {isa = PBXBuildFile; fileRef = C0D1C4D124F2CE9400703B6A /* Avatar.swift */; };
		C0D43AA424FC05AE004C1522 /* Persistence.swift in Sources */ = {isa = PBXBuildFile; fileRef = C0D43AA324FC05AE004C1522 /* Persistence.swift */; };
		C0D43AA524FC05AE004C1522 /* Persistence.swift in Sources */ = {isa = PBXBuildFile; fileRef = C0D43AA324FC05AE004C1522 /* Persistence.swift */; };
		C0D43AA824FC05C0004C1522 /* MoodAI.xcdatamodeld in Sources */ = {isa = PBXBuildFile; fileRef = C0D43AA624FC05C0004C1522 /* MoodAI.xcdatamodeld */; };
		C0D43AA924FC05C0004C1522 /* MoodAI.xcdatamodeld in Sources */ = {isa = PBXBuildFile; fileRef = C0D43AA624FC05C0004C1522 /* MoodAI.xcdatamodeld */; };
/* End PBXBuildFile section */

/* Begin PBXContainerItemProxy section */
		C04FCAE224F194FB000CD3DE /* PBXContainerItemProxy */ = {
			isa = PBXContainerItemProxy;
			containerPortal = C04FCAC524F194FA000CD3DE /* Project object */;
			proxyType = 1;
			remoteGlobalIDString = C04FCAD024F194FB000CD3DE;
			remoteInfo = "MoodAI (iOS)";
		};
		C04FCAED24F194FB000CD3DE /* PBXContainerItemProxy */ = {
			isa = PBXContainerItemProxy;
			containerPortal = C04FCAC524F194FA000CD3DE /* Project object */;
			proxyType = 1;
			remoteGlobalIDString = C04FCAD824F194FB000CD3DE;
			remoteInfo = "MoodAI (macOS)";
		};
/* End PBXContainerItemProxy section */

/* Begin PBXFileReference section */
		C0191EFD24F1E170004A08AD /* IconWrappedAvatar.swift */ = {isa = PBXFileReference; lastKnownFileType = sourcecode.swift; path = IconWrappedAvatar.swift; sourceTree = "<group>"; };
		C04FCACA24F194FA000CD3DE /* MoodAIApp.swift */ = {isa = PBXFileReference; lastKnownFileType = sourcecode.swift; path = MoodAIApp.swift; sourceTree = "<group>"; };
		C04FCACB24F194FA000CD3DE /* IntroView.swift */ = {isa = PBXFileReference; lastKnownFileType = sourcecode.swift; path = IntroView.swift; sourceTree = "<group>"; };
		C04FCACC24F194FA000CD3DE /* Assets.xcassets */ = {isa = PBXFileReference; lastKnownFileType = folder.assetcatalog; path = Assets.xcassets; sourceTree = "<group>"; };
		C04FCAD124F194FB000CD3DE /* MoodAI.app */ = {isa = PBXFileReference; explicitFileType = wrapper.application; includeInIndex = 0; path = MoodAI.app; sourceTree = BUILT_PRODUCTS_DIR; };
		C04FCAD424F194FB000CD3DE /* Info.plist */ = {isa = PBXFileReference; lastKnownFileType = text.plist.xml; path = Info.plist; sourceTree = "<group>"; };
		C04FCAD924F194FB000CD3DE /* MoodAI.app */ = {isa = PBXFileReference; explicitFileType = wrapper.application; includeInIndex = 0; path = MoodAI.app; sourceTree = BUILT_PRODUCTS_DIR; };
		C04FCADB24F194FB000CD3DE /* Info.plist */ = {isa = PBXFileReference; lastKnownFileType = text.plist.xml; path = Info.plist; sourceTree = "<group>"; };
		C04FCADC24F194FB000CD3DE /* macOS.entitlements */ = {isa = PBXFileReference; lastKnownFileType = text.plist.entitlements; path = macOS.entitlements; sourceTree = "<group>"; };
		C04FCAE124F194FB000CD3DE /* Tests iOS.xctest */ = {isa = PBXFileReference; explicitFileType = wrapper.cfbundle; includeInIndex = 0; path = "Tests iOS.xctest"; sourceTree = BUILT_PRODUCTS_DIR; };
		C04FCAE524F194FB000CD3DE /* Tests_iOS.swift */ = {isa = PBXFileReference; lastKnownFileType = sourcecode.swift; path = Tests_iOS.swift; sourceTree = "<group>"; };
		C04FCAE724F194FB000CD3DE /* Info.plist */ = {isa = PBXFileReference; lastKnownFileType = text.plist.xml; path = Info.plist; sourceTree = "<group>"; };
		C04FCAEC24F194FB000CD3DE /* Tests macOS.xctest */ = {isa = PBXFileReference; explicitFileType = wrapper.cfbundle; includeInIndex = 0; path = "Tests macOS.xctest"; sourceTree = BUILT_PRODUCTS_DIR; };
		C04FCAF024F194FB000CD3DE /* Tests_macOS.swift */ = {isa = PBXFileReference; lastKnownFileType = sourcecode.swift; path = Tests_macOS.swift; sourceTree = "<group>"; };
		C04FCAF224F194FB000CD3DE /* Info.plist */ = {isa = PBXFileReference; lastKnownFileType = text.plist.xml; path = Info.plist; sourceTree = "<group>"; };
		C04FCB0824F196E4000CD3DE /* Theme.swift */ = {isa = PBXFileReference; lastKnownFileType = sourcecode.swift; path = Theme.swift; sourceTree = "<group>"; };
		C04FCB0C24F19A7A000CD3DE /* CloudPainter.swift */ = {isa = PBXFileReference; lastKnownFileType = sourcecode.swift; path = CloudPainter.swift; sourceTree = "<group>"; };
		C04FCB1224F19C38000CD3DE /* Cloud.swift */ = {isa = PBXFileReference; lastKnownFileType = sourcecode.swift; path = Cloud.swift; sourceTree = "<group>"; };
		C04FCB1524F1A74B000CD3DE /* CircleAvatar.swift */ = {isa = PBXFileReference; lastKnownFileType = sourcecode.swift; path = CircleAvatar.swift; sourceTree = "<group>"; };
		C04FCB1824F1AA26000CD3DE /* ProgressBorder.swift */ = {isa = PBXFileReference; fileEncoding = 4; lastKnownFileType = sourcecode.swift; path = ProgressBorder.swift; sourceTree = "<group>"; };
		C04FCB1924F1AA26000CD3DE /* Pie.swift */ = {isa = PBXFileReference; fileEncoding = 4; lastKnownFileType = sourcecode.swift; path = Pie.swift; sourceTree = "<group>"; };
		C04FCB2024F1B06C000CD3DE /* DoubleHelpers.swift */ = {isa = PBXFileReference; lastKnownFileType = sourcecode.swift; path = DoubleHelpers.swift; sourceTree = "<group>"; };
		C06658A524FC630600F55476 /* User.swift */ = {isa = PBXFileReference; lastKnownFileType = sourcecode.swift; path = User.swift; sourceTree = "<group>"; };
		C06658A924FC646D00F55476 /* DBError.swift */ = {isa = PBXFileReference; lastKnownFileType = sourcecode.swift; path = DBError.swift; sourceTree = "<group>"; };
		C06658AC24FC806200F55476 /* AvatarButtons.swift */ = {isa = PBXFileReference; lastKnownFileType = sourcecode.swift; path = AvatarButtons.swift; sourceTree = "<group>"; };
		C06738A024F1CFD100857056 /* IconView.swift */ = {isa = PBXFileReference; lastKnownFileType = sourcecode.swift; path = IconView.swift; sourceTree = "<group>"; };
		C095303124F4072E001AD4D9 /* Title.swift */ = {isa = PBXFileReference; lastKnownFileType = sourcecode.swift; path = Title.swift; sourceTree = "<group>"; };
		C095303424F407B7001AD4D9 /* Subtitle.swift */ = {isa = PBXFileReference; lastKnownFileType = sourcecode.swift; path = Subtitle.swift; sourceTree = "<group>"; };
		C0B1D2E224FC141F00553F23 /* IntroProgress.swift */ = {isa = PBXFileReference; lastKnownFileType = sourcecode.swift; path = IntroProgress.swift; sourceTree = "<group>"; };
		C0B1D2E624FC1F1500553F23 /* IntroStage.swift */ = {isa = PBXFileReference; lastKnownFileType = sourcecode.swift; path = IntroStage.swift; sourceTree = "<group>"; };
		C0B1D2E924FC1F2F00553F23 /* IntroStep.swift */ = {isa = PBXFileReference; lastKnownFileType = sourcecode.swift; path = IntroStep.swift; sourceTree = "<group>"; };
		C0B1D2F524FC362A00553F23 /* AvatarView.swift */ = {isa = PBXFileReference; lastKnownFileType = sourcecode.swift; path = AvatarView.swift; sourceTree = "<group>"; };
		C0D1C4CE24F2C3DB00703B6A /* NextButton.swift */ = {isa = PBXFileReference; lastKnownFileType = sourcecode.swift; path = NextButton.swift; sourceTree = "<group>"; };
		C0D1C4D124F2CE9400703B6A /* Avatar.swift */ = {isa = PBXFileReference; lastKnownFileType = sourcecode.swift; path = Avatar.swift; sourceTree = "<group>"; };
		C0D43AA324FC05AE004C1522 /* Persistence.swift */ = {isa = PBXFileReference; fileEncoding = 4; lastKnownFileType = sourcecode.swift; path = Persistence.swift; sourceTree = "<group>"; };
		C0D43AA724FC05C0004C1522 /* Shared.xcdatamodel */ = {isa = PBXFileReference; lastKnownFileType = wrapper.xcdatamodel; path = Shared.xcdatamodel; sourceTree = "<group>"; };
/* End PBXFileReference section */

/* Begin PBXFrameworksBuildPhase section */
		C04FCACE24F194FB000CD3DE /* Frameworks */ = {
			isa = PBXFrameworksBuildPhase;
			buildActionMask = 2147483647;
			files = (
			);
			runOnlyForDeploymentPostprocessing = 0;
		};
		C04FCAD624F194FB000CD3DE /* Frameworks */ = {
			isa = PBXFrameworksBuildPhase;
			buildActionMask = 2147483647;
			files = (
			);
			runOnlyForDeploymentPostprocessing = 0;
		};
		C04FCADE24F194FB000CD3DE /* Frameworks */ = {
			isa = PBXFrameworksBuildPhase;
			buildActionMask = 2147483647;
			files = (
			);
			runOnlyForDeploymentPostprocessing = 0;
		};
		C04FCAE924F194FB000CD3DE /* Frameworks */ = {
			isa = PBXFrameworksBuildPhase;
			buildActionMask = 2147483647;
			files = (
			);
			runOnlyForDeploymentPostprocessing = 0;
		};
/* End PBXFrameworksBuildPhase section */

/* Begin PBXGroup section */
		C04FCAC424F194FA000CD3DE = {
			isa = PBXGroup;
			children = (
				C04FCAC924F194FA000CD3DE /* Shared */,
				C04FCAD324F194FB000CD3DE /* iOS */,
				C04FCADA24F194FB000CD3DE /* macOS */,
				C04FCAE424F194FB000CD3DE /* Tests iOS */,
				C04FCAEF24F194FB000CD3DE /* Tests macOS */,
				C04FCAD224F194FB000CD3DE /* Products */,
			);
			sourceTree = "<group>";
		};
		C04FCAC924F194FA000CD3DE /* Shared */ = {
			isa = PBXGroup;
			children = (
				C0D1C4CA24F2BAFB00703B6A /* Model */,
				C04FCB1F24F1B05E000CD3DE /* Extensions */,
				C04FCB0B24F19A6D000CD3DE /* Views */,
				C04FCB0724F196C3000CD3DE /* Theme */,
				C04FCACA24F194FA000CD3DE /* MoodAIApp.swift */,
				C0D43AA324FC05AE004C1522 /* Persistence.swift */,
				C0D43AA624FC05C0004C1522 /* MoodAI.xcdatamodeld */,
				C04FCACC24F194FA000CD3DE /* Assets.xcassets */,
			);
			path = Shared;
			sourceTree = "<group>";
		};
		C04FCAD224F194FB000CD3DE /* Products */ = {
			isa = PBXGroup;
			children = (
				C04FCAD124F194FB000CD3DE /* MoodAI.app */,
				C04FCAD924F194FB000CD3DE /* MoodAI.app */,
				C04FCAE124F194FB000CD3DE /* Tests iOS.xctest */,
				C04FCAEC24F194FB000CD3DE /* Tests macOS.xctest */,
			);
			name = Products;
			sourceTree = "<group>";
		};
		C04FCAD324F194FB000CD3DE /* iOS */ = {
			isa = PBXGroup;
			children = (
				C04FCAD424F194FB000CD3DE /* Info.plist */,
			);
			path = iOS;
			sourceTree = "<group>";
		};
		C04FCADA24F194FB000CD3DE /* macOS */ = {
			isa = PBXGroup;
			children = (
				C04FCADB24F194FB000CD3DE /* Info.plist */,
				C04FCADC24F194FB000CD3DE /* macOS.entitlements */,
			);
			path = macOS;
			sourceTree = "<group>";
		};
		C04FCAE424F194FB000CD3DE /* Tests iOS */ = {
			isa = PBXGroup;
			children = (
				C04FCAE524F194FB000CD3DE /* Tests_iOS.swift */,
				C04FCAE724F194FB000CD3DE /* Info.plist */,
			);
			path = "Tests iOS";
			sourceTree = "<group>";
		};
		C04FCAEF24F194FB000CD3DE /* Tests macOS */ = {
			isa = PBXGroup;
			children = (
				C04FCAF024F194FB000CD3DE /* Tests_macOS.swift */,
				C04FCAF224F194FB000CD3DE /* Info.plist */,
			);
			path = "Tests macOS";
			sourceTree = "<group>";
		};
		C04FCB0724F196C3000CD3DE /* Theme */ = {
			isa = PBXGroup;
			children = (
				C04FCB0824F196E4000CD3DE /* Theme.swift */,
			);
			path = Theme;
			sourceTree = "<group>";
		};
		C04FCB0B24F19A6D000CD3DE /* Views */ = {
			isa = PBXGroup;
			children = (
				C095303024F4071F001AD4D9 /* Text */,
				C0FE1BB424F36C7000F15E3A /* Clouds */,
				C0FE1BB324F36C5500F15E3A /* Avatar */,
				C067389F24F1CFB800857056 /* Intro */,
				C04FCB1E24F1AA2C000CD3DE /* Shapes */,
			);
			path = Views;
			sourceTree = "<group>";
		};
		C04FCB1E24F1AA2C000CD3DE /* Shapes */ = {
			isa = PBXGroup;
			children = (
				C04FCB1924F1AA26000CD3DE /* Pie.swift */,
			);
			path = Shapes;
			sourceTree = "<group>";
		};
		C04FCB1F24F1B05E000CD3DE /* Extensions */ = {
			isa = PBXGroup;
			children = (
				C04FCB2024F1B06C000CD3DE /* DoubleHelpers.swift */,
			);
			path = Extensions;
			sourceTree = "<group>";
		};
		C06658A824FC642500F55476 /* Error */ = {
			isa = PBXGroup;
			children = (
				C06658A924FC646D00F55476 /* DBError.swift */,
			);
			path = Error;
			sourceTree = "<group>";
		};
		C067389F24F1CFB800857056 /* Intro */ = {
			isa = PBXGroup;
			children = (
				C0B1D2F024FC29D100553F23 /* Steps */,
				C0B1D2EC24FC256500553F23 /* Parts */,
				C04FCACB24F194FA000CD3DE /* IntroView.swift */,
			);
			path = Intro;
			sourceTree = "<group>";
		};
		C095303024F4071F001AD4D9 /* Text */ = {
			isa = PBXGroup;
			children = (
				C095303124F4072E001AD4D9 /* Title.swift */,
				C095303424F407B7001AD4D9 /* Subtitle.swift */,
			);
			path = Text;
			sourceTree = "<group>";
		};
		C0B1D2E524FC1F0A00553F23 /* Intro */ = {
			isa = PBXGroup;
			children = (
				C0B1D2E224FC141F00553F23 /* IntroProgress.swift */,
				C0B1D2E624FC1F1500553F23 /* IntroStage.swift */,
				C0B1D2E924FC1F2F00553F23 /* IntroStep.swift */,
			);
			path = Intro;
			sourceTree = "<group>";
		};
		C0B1D2EC24FC256500553F23 /* Parts */ = {
			isa = PBXGroup;
			children = (
				C06738A024F1CFD100857056 /* IconView.swift */,
				C0D1C4CE24F2C3DB00703B6A /* NextButton.swift */,
				C0191EFD24F1E170004A08AD /* IconWrappedAvatar.swift */,
			);
			path = Parts;
			sourceTree = "<group>";
		};
		C0B1D2F024FC29D100553F23 /* Steps */ = {
			isa = PBXGroup;
			children = (
				C06658AC24FC806200F55476 /* AvatarButtons.swift */,
			);
			path = Steps;
			sourceTree = "<group>";
		};
		C0B1D2F424FC359300553F23 /* User */ = {
			isa = PBXGroup;
			children = (
				C0D1C4D124F2CE9400703B6A /* Avatar.swift */,
				C06658A524FC630600F55476 /* User.swift */,
			);
			path = User;
			sourceTree = "<group>";
		};
		C0D1C4CA24F2BAFB00703B6A /* Model */ = {
			isa = PBXGroup;
			children = (
				C06658A824FC642500F55476 /* Error */,
				C0B1D2F424FC359300553F23 /* User */,
				C0B1D2E524FC1F0A00553F23 /* Intro */,
			);
			path = Model;
			sourceTree = "<group>";
		};
		C0FE1BB324F36C5500F15E3A /* Avatar */ = {
			isa = PBXGroup;
			children = (
				C04FCB1524F1A74B000CD3DE /* CircleAvatar.swift */,
				C04FCB1824F1AA26000CD3DE /* ProgressBorder.swift */,
				C0B1D2F524FC362A00553F23 /* AvatarView.swift */,
			);
			path = Avatar;
			sourceTree = "<group>";
		};
		C0FE1BB424F36C7000F15E3A /* Clouds */ = {
			isa = PBXGroup;
			children = (
				C04FCB0C24F19A7A000CD3DE /* CloudPainter.swift */,
				C04FCB1224F19C38000CD3DE /* Cloud.swift */,
			);
			path = Clouds;
			sourceTree = "<group>";
		};
/* End PBXGroup section */

/* Begin PBXNativeTarget section */
		C04FCAD024F194FB000CD3DE /* MoodAI (iOS) */ = {
			isa = PBXNativeTarget;
			buildConfigurationList = C04FCAFB24F194FB000CD3DE /* Build configuration list for PBXNativeTarget "MoodAI (iOS)" */;
			buildPhases = (
				C04FCACD24F194FB000CD3DE /* Sources */,
				C04FCACE24F194FB000CD3DE /* Frameworks */,
				C04FCACF24F194FB000CD3DE /* Resources */,
			);
			buildRules = (
			);
			dependencies = (
			);
			name = "MoodAI (iOS)";
			productName = "MoodAI (iOS)";
			productReference = C04FCAD124F194FB000CD3DE /* MoodAI.app */;
			productType = "com.apple.product-type.application";
		};
		C04FCAD824F194FB000CD3DE /* MoodAI (macOS) */ = {
			isa = PBXNativeTarget;
			buildConfigurationList = C04FCAFE24F194FB000CD3DE /* Build configuration list for PBXNativeTarget "MoodAI (macOS)" */;
			buildPhases = (
				C04FCAD524F194FB000CD3DE /* Sources */,
				C04FCAD624F194FB000CD3DE /* Frameworks */,
				C04FCAD724F194FB000CD3DE /* Resources */,
			);
			buildRules = (
			);
			dependencies = (
			);
			name = "MoodAI (macOS)";
			productName = "MoodAI (macOS)";
			productReference = C04FCAD924F194FB000CD3DE /* MoodAI.app */;
			productType = "com.apple.product-type.application";
		};
		C04FCAE024F194FB000CD3DE /* Tests iOS */ = {
			isa = PBXNativeTarget;
			buildConfigurationList = C04FCB0124F194FB000CD3DE /* Build configuration list for PBXNativeTarget "Tests iOS" */;
			buildPhases = (
				C04FCADD24F194FB000CD3DE /* Sources */,
				C04FCADE24F194FB000CD3DE /* Frameworks */,
				C04FCADF24F194FB000CD3DE /* Resources */,
			);
			buildRules = (
			);
			dependencies = (
				C04FCAE324F194FB000CD3DE /* PBXTargetDependency */,
			);
			name = "Tests iOS";
			productName = "Tests iOS";
			productReference = C04FCAE124F194FB000CD3DE /* Tests iOS.xctest */;
			productType = "com.apple.product-type.bundle.ui-testing";
		};
		C04FCAEB24F194FB000CD3DE /* Tests macOS */ = {
			isa = PBXNativeTarget;
			buildConfigurationList = C04FCB0424F194FB000CD3DE /* Build configuration list for PBXNativeTarget "Tests macOS" */;
			buildPhases = (
				C04FCAE824F194FB000CD3DE /* Sources */,
				C04FCAE924F194FB000CD3DE /* Frameworks */,
				C04FCAEA24F194FB000CD3DE /* Resources */,
			);
			buildRules = (
			);
			dependencies = (
				C04FCAEE24F194FB000CD3DE /* PBXTargetDependency */,
			);
			name = "Tests macOS";
			productName = "Tests macOS";
			productReference = C04FCAEC24F194FB000CD3DE /* Tests macOS.xctest */;
			productType = "com.apple.product-type.bundle.ui-testing";
		};
/* End PBXNativeTarget section */

/* Begin PBXProject section */
		C04FCAC524F194FA000CD3DE /* Project object */ = {
			isa = PBXProject;
			attributes = {
				LastSwiftUpdateCheck = 1200;
				LastUpgradeCheck = 1200;
				TargetAttributes = {
					C04FCAD024F194FB000CD3DE = {
						CreatedOnToolsVersion = 12.0;
					};
					C04FCAD824F194FB000CD3DE = {
						CreatedOnToolsVersion = 12.0;
					};
					C04FCAE024F194FB000CD3DE = {
						CreatedOnToolsVersion = 12.0;
						TestTargetID = C04FCAD024F194FB000CD3DE;
					};
					C04FCAEB24F194FB000CD3DE = {
						CreatedOnToolsVersion = 12.0;
						TestTargetID = C04FCAD824F194FB000CD3DE;
					};
				};
			};
			buildConfigurationList = C04FCAC824F194FA000CD3DE /* Build configuration list for PBXProject "MoodAI" */;
			compatibilityVersion = "Xcode 9.3";
			developmentRegion = en;
			hasScannedForEncodings = 0;
			knownRegions = (
				en,
				Base,
			);
			mainGroup = C04FCAC424F194FA000CD3DE;
			productRefGroup = C04FCAD224F194FB000CD3DE /* Products */;
			projectDirPath = "";
			projectRoot = "";
			targets = (
				C04FCAD024F194FB000CD3DE /* MoodAI (iOS) */,
				C04FCAD824F194FB000CD3DE /* MoodAI (macOS) */,
				C04FCAE024F194FB000CD3DE /* Tests iOS */,
				C04FCAEB24F194FB000CD3DE /* Tests macOS */,
			);
		};
/* End PBXProject section */

/* Begin PBXResourcesBuildPhase section */
		C04FCACF24F194FB000CD3DE /* Resources */ = {
			isa = PBXResourcesBuildPhase;
			buildActionMask = 2147483647;
			files = (
				C04FCAF724F194FB000CD3DE /* Assets.xcassets in Resources */,
			);
			runOnlyForDeploymentPostprocessing = 0;
		};
		C04FCAD724F194FB000CD3DE /* Resources */ = {
			isa = PBXResourcesBuildPhase;
			buildActionMask = 2147483647;
			files = (
				C04FCAF824F194FB000CD3DE /* Assets.xcassets in Resources */,
			);
			runOnlyForDeploymentPostprocessing = 0;
		};
		C04FCADF24F194FB000CD3DE /* Resources */ = {
			isa = PBXResourcesBuildPhase;
			buildActionMask = 2147483647;
			files = (
			);
			runOnlyForDeploymentPostprocessing = 0;
		};
		C04FCAEA24F194FB000CD3DE /* Resources */ = {
			isa = PBXResourcesBuildPhase;
			buildActionMask = 2147483647;
			files = (
			);
			runOnlyForDeploymentPostprocessing = 0;
		};
/* End PBXResourcesBuildPhase section */

/* Begin PBXSourcesBuildPhase section */
		C04FCACD24F194FB000CD3DE /* Sources */ = {
			isa = PBXSourcesBuildPhase;
			buildActionMask = 2147483647;
			files = (
				C0B1D2EA24FC1F2F00553F23 /* IntroStep.swift in Sources */,
				C0B1D2E324FC141F00553F23 /* IntroProgress.swift in Sources */,
				C0D1C4CF24F2C3DB00703B6A /* NextButton.swift in Sources */,
				C0191EFE24F1E170004A08AD /* IconWrappedAvatar.swift in Sources */,
				C0D43AA424FC05AE004C1522 /* Persistence.swift in Sources */,
				C0B1D2E724FC1F1500553F23 /* IntroStage.swift in Sources */,
				C04FCB1624F1A74B000CD3DE /* CircleAvatar.swift in Sources */,
				C04FCB1C24F1AA26000CD3DE /* Pie.swift in Sources */,
				C0D1C4D224F2CE9400703B6A /* Avatar.swift in Sources */,
				C095303524F407B7001AD4D9 /* Subtitle.swift in Sources */,
				C06658A624FC630600F55476 /* User.swift in Sources */,
				C04FCB2124F1B06C000CD3DE /* DoubleHelpers.swift in Sources */,
				C04FCB1324F19C38000CD3DE /* Cloud.swift in Sources */,
				C06738A124F1CFD100857056 /* IconView.swift in Sources */,
				C04FCB0924F196E4000CD3DE /* Theme.swift in Sources */,
				C04FCB1A24F1AA26000CD3DE /* ProgressBorder.swift in Sources */,
				C0D43AA824FC05C0004C1522 /* MoodAI.xcdatamodeld in Sources */,
				C0B1D2F624FC362A00553F23 /* AvatarView.swift in Sources */,
				C095303224F4072E001AD4D9 /* Title.swift in Sources */,
				C04FCAF524F194FB000CD3DE /* IntroView.swift in Sources */,
				C06658AD24FC806200F55476 /* AvatarButtons.swift in Sources */,
				C04FCAF324F194FB000CD3DE /* MoodAIApp.swift in Sources */,
				C06658AA24FC646D00F55476 /* DBError.swift in Sources */,
				C04FCB0D24F19A7A000CD3DE /* CloudPainter.swift in Sources */,
			);
			runOnlyForDeploymentPostprocessing = 0;
		};
		C04FCAD524F194FB000CD3DE /* Sources */ = {
			isa = PBXSourcesBuildPhase;
			buildActionMask = 2147483647;
			files = (
				C0B1D2EB24FC1F2F00553F23 /* IntroStep.swift in Sources */,
				C0B1D2E424FC141F00553F23 /* IntroProgress.swift in Sources */,
				C0D1C4D024F2C3DB00703B6A /* NextButton.swift in Sources */,
				C0191EFF24F1E170004A08AD /* IconWrappedAvatar.swift in Sources */,
				C0D43AA524FC05AE004C1522 /* Persistence.swift in Sources */,
				C0B1D2E824FC1F1500553F23 /* IntroStage.swift in Sources */,
				C04FCB1724F1A74B000CD3DE /* CircleAvatar.swift in Sources */,
				C04FCB1D24F1AA26000CD3DE /* Pie.swift in Sources */,
				C0D1C4D324F2CE9400703B6A /* Avatar.swift in Sources */,
				C095303624F407B7001AD4D9 /* Subtitle.swift in Sources */,
				C06658A724FC630600F55476 /* User.swift in Sources */,
				C04FCB2224F1B06C000CD3DE /* DoubleHelpers.swift in Sources */,
				C04FCB1424F19C38000CD3DE /* Cloud.swift in Sources */,
				C06738A224F1CFD100857056 /* IconView.swift in Sources */,
				C04FCB0A24F196E4000CD3DE /* Theme.swift in Sources */,
				C04FCB1B24F1AA26000CD3DE /* ProgressBorder.swift in Sources */,
				C0D43AA924FC05C0004C1522 /* MoodAI.xcdatamodeld in Sources */,
				C0B1D2F724FC362A00553F23 /* AvatarView.swift in Sources */,
				C095303324F4072E001AD4D9 /* Title.swift in Sources */,
				C04FCAF624F194FB000CD3DE /* IntroView.swift in Sources */,
				C06658AE24FC806200F55476 /* AvatarButtons.swift in Sources */,
				C04FCAF424F194FB000CD3DE /* MoodAIApp.swift in Sources */,
				C06658AB24FC646D00F55476 /* DBError.swift in Sources */,
				C04FCB0E24F19A7A000CD3DE /* CloudPainter.swift in Sources */,
			);
			runOnlyForDeploymentPostprocessing = 0;
		};
		C04FCADD24F194FB000CD3DE /* Sources */ = {
			isa = PBXSourcesBuildPhase;
			buildActionMask = 2147483647;
			files = (
				C04FCAE624F194FB000CD3DE /* Tests_iOS.swift in Sources */,
			);
			runOnlyForDeploymentPostprocessing = 0;
		};
		C04FCAE824F194FB000CD3DE /* Sources */ = {
			isa = PBXSourcesBuildPhase;
			buildActionMask = 2147483647;
			files = (
				C04FCAF124F194FB000CD3DE /* Tests_macOS.swift in Sources */,
			);
			runOnlyForDeploymentPostprocessing = 0;
		};
/* End PBXSourcesBuildPhase section */

/* Begin PBXTargetDependency section */
		C04FCAE324F194FB000CD3DE /* PBXTargetDependency */ = {
			isa = PBXTargetDependency;
			target = C04FCAD024F194FB000CD3DE /* MoodAI (iOS) */;
			targetProxy = C04FCAE224F194FB000CD3DE /* PBXContainerItemProxy */;
		};
		C04FCAEE24F194FB000CD3DE /* PBXTargetDependency */ = {
			isa = PBXTargetDependency;
			target = C04FCAD824F194FB000CD3DE /* MoodAI (macOS) */;
			targetProxy = C04FCAED24F194FB000CD3DE /* PBXContainerItemProxy */;
		};
/* End PBXTargetDependency section */

/* Begin XCBuildConfiguration section */
		C04FCAF924F194FB000CD3DE /* Debug */ = {
			isa = XCBuildConfiguration;
			buildSettings = {
				ALWAYS_SEARCH_USER_PATHS = NO;
				CLANG_ANALYZER_NONNULL = YES;
				CLANG_ANALYZER_NUMBER_OBJECT_CONVERSION = YES_AGGRESSIVE;
				CLANG_CXX_LANGUAGE_STANDARD = "gnu++14";
				CLANG_CXX_LIBRARY = "libc++";
				CLANG_ENABLE_MODULES = YES;
				CLANG_ENABLE_OBJC_ARC = YES;
				CLANG_ENABLE_OBJC_WEAK = YES;
				CLANG_WARN_BLOCK_CAPTURE_AUTORELEASING = YES;
				CLANG_WARN_BOOL_CONVERSION = YES;
				CLANG_WARN_COMMA = YES;
				CLANG_WARN_CONSTANT_CONVERSION = YES;
				CLANG_WARN_DEPRECATED_OBJC_IMPLEMENTATIONS = YES;
				CLANG_WARN_DIRECT_OBJC_ISA_USAGE = YES_ERROR;
				CLANG_WARN_DOCUMENTATION_COMMENTS = YES;
				CLANG_WARN_EMPTY_BODY = YES;
				CLANG_WARN_ENUM_CONVERSION = YES;
				CLANG_WARN_INFINITE_RECURSION = YES;
				CLANG_WARN_INT_CONVERSION = YES;
				CLANG_WARN_NON_LITERAL_NULL_CONVERSION = YES;
				CLANG_WARN_OBJC_IMPLICIT_RETAIN_SELF = YES;
				CLANG_WARN_OBJC_LITERAL_CONVERSION = YES;
				CLANG_WARN_OBJC_ROOT_CLASS = YES_ERROR;
				CLANG_WARN_QUOTED_INCLUDE_IN_FRAMEWORK_HEADER = YES;
				CLANG_WARN_RANGE_LOOP_ANALYSIS = YES;
				CLANG_WARN_STRICT_PROTOTYPES = YES;
				CLANG_WARN_SUSPICIOUS_MOVE = YES;
				CLANG_WARN_UNGUARDED_AVAILABILITY = YES_AGGRESSIVE;
				CLANG_WARN_UNREACHABLE_CODE = YES;
				CLANG_WARN__DUPLICATE_METHOD_MATCH = YES;
				COPY_PHASE_STRIP = NO;
				DEBUG_INFORMATION_FORMAT = dwarf;
				ENABLE_STRICT_OBJC_MSGSEND = YES;
				ENABLE_TESTABILITY = YES;
				GCC_C_LANGUAGE_STANDARD = gnu11;
				GCC_DYNAMIC_NO_PIC = NO;
				GCC_NO_COMMON_BLOCKS = YES;
				GCC_OPTIMIZATION_LEVEL = 0;
				GCC_PREPROCESSOR_DEFINITIONS = (
					"DEBUG=1",
					"$(inherited)",
				);
				GCC_WARN_64_TO_32_BIT_CONVERSION = YES;
				GCC_WARN_ABOUT_RETURN_TYPE = YES_ERROR;
				GCC_WARN_UNDECLARED_SELECTOR = YES;
				GCC_WARN_UNINITIALIZED_AUTOS = YES_AGGRESSIVE;
				GCC_WARN_UNUSED_FUNCTION = YES;
				GCC_WARN_UNUSED_VARIABLE = YES;
				MTL_ENABLE_DEBUG_INFO = INCLUDE_SOURCE;
				MTL_FAST_MATH = YES;
				ONLY_ACTIVE_ARCH = YES;
				SWIFT_ACTIVE_COMPILATION_CONDITIONS = DEBUG;
				SWIFT_OPTIMIZATION_LEVEL = "-Onone";
			};
			name = Debug;
		};
		C04FCAFA24F194FB000CD3DE /* Release */ = {
			isa = XCBuildConfiguration;
			buildSettings = {
				ALWAYS_SEARCH_USER_PATHS = NO;
				CLANG_ANALYZER_NONNULL = YES;
				CLANG_ANALYZER_NUMBER_OBJECT_CONVERSION = YES_AGGRESSIVE;
				CLANG_CXX_LANGUAGE_STANDARD = "gnu++14";
				CLANG_CXX_LIBRARY = "libc++";
				CLANG_ENABLE_MODULES = YES;
				CLANG_ENABLE_OBJC_ARC = YES;
				CLANG_ENABLE_OBJC_WEAK = YES;
				CLANG_WARN_BLOCK_CAPTURE_AUTORELEASING = YES;
				CLANG_WARN_BOOL_CONVERSION = YES;
				CLANG_WARN_COMMA = YES;
				CLANG_WARN_CONSTANT_CONVERSION = YES;
				CLANG_WARN_DEPRECATED_OBJC_IMPLEMENTATIONS = YES;
				CLANG_WARN_DIRECT_OBJC_ISA_USAGE = YES_ERROR;
				CLANG_WARN_DOCUMENTATION_COMMENTS = YES;
				CLANG_WARN_EMPTY_BODY = YES;
				CLANG_WARN_ENUM_CONVERSION = YES;
				CLANG_WARN_INFINITE_RECURSION = YES;
				CLANG_WARN_INT_CONVERSION = YES;
				CLANG_WARN_NON_LITERAL_NULL_CONVERSION = YES;
				CLANG_WARN_OBJC_IMPLICIT_RETAIN_SELF = YES;
				CLANG_WARN_OBJC_LITERAL_CONVERSION = YES;
				CLANG_WARN_OBJC_ROOT_CLASS = YES_ERROR;
				CLANG_WARN_QUOTED_INCLUDE_IN_FRAMEWORK_HEADER = YES;
				CLANG_WARN_RANGE_LOOP_ANALYSIS = YES;
				CLANG_WARN_STRICT_PROTOTYPES = YES;
				CLANG_WARN_SUSPICIOUS_MOVE = YES;
				CLANG_WARN_UNGUARDED_AVAILABILITY = YES_AGGRESSIVE;
				CLANG_WARN_UNREACHABLE_CODE = YES;
				CLANG_WARN__DUPLICATE_METHOD_MATCH = YES;
				COPY_PHASE_STRIP = NO;
				DEBUG_INFORMATION_FORMAT = "dwarf-with-dsym";
				ENABLE_NS_ASSERTIONS = NO;
				ENABLE_STRICT_OBJC_MSGSEND = YES;
				GCC_C_LANGUAGE_STANDARD = gnu11;
				GCC_NO_COMMON_BLOCKS = YES;
				GCC_WARN_64_TO_32_BIT_CONVERSION = YES;
				GCC_WARN_ABOUT_RETURN_TYPE = YES_ERROR;
				GCC_WARN_UNDECLARED_SELECTOR = YES;
				GCC_WARN_UNINITIALIZED_AUTOS = YES_AGGRESSIVE;
				GCC_WARN_UNUSED_FUNCTION = YES;
				GCC_WARN_UNUSED_VARIABLE = YES;
				MTL_ENABLE_DEBUG_INFO = NO;
				MTL_FAST_MATH = YES;
				SWIFT_COMPILATION_MODE = wholemodule;
				SWIFT_OPTIMIZATION_LEVEL = "-O";
			};
			name = Release;
		};
		C04FCAFC24F194FB000CD3DE /* Debug */ = {
			isa = XCBuildConfiguration;
			buildSettings = {
				ASSETCATALOG_COMPILER_APPICON_NAME = AppIcon;
				ASSETCATALOG_COMPILER_GLOBAL_ACCENT_COLOR_NAME = AccentColor;
				CODE_SIGN_STYLE = Automatic;
				DEVELOPMENT_TEAM = 6NFV336UD2;
				ENABLE_PREVIEWS = YES;
				INFOPLIST_FILE = iOS/Info.plist;
				IPHONEOS_DEPLOYMENT_TARGET = 14.0;
				LD_RUNPATH_SEARCH_PATHS = (
					"$(inherited)",
					"@executable_path/Frameworks",
				);
				PRODUCT_BUNDLE_IDENTIFIER = com.humbleme.MoodAI;
				PRODUCT_NAME = MoodAI;
				SDKROOT = iphoneos;
				SWIFT_VERSION = 5.0;
				TARGETED_DEVICE_FAMILY = "1,2";
			};
			name = Debug;
		};
		C04FCAFD24F194FB000CD3DE /* Release */ = {
			isa = XCBuildConfiguration;
			buildSettings = {
				ASSETCATALOG_COMPILER_APPICON_NAME = AppIcon;
				ASSETCATALOG_COMPILER_GLOBAL_ACCENT_COLOR_NAME = AccentColor;
				CODE_SIGN_STYLE = Automatic;
				DEVELOPMENT_TEAM = 6NFV336UD2;
				ENABLE_PREVIEWS = YES;
				INFOPLIST_FILE = iOS/Info.plist;
				IPHONEOS_DEPLOYMENT_TARGET = 14.0;
				LD_RUNPATH_SEARCH_PATHS = (
					"$(inherited)",
					"@executable_path/Frameworks",
				);
				PRODUCT_BUNDLE_IDENTIFIER = com.humbleme.MoodAI;
				PRODUCT_NAME = MoodAI;
				SDKROOT = iphoneos;
				SWIFT_VERSION = 5.0;
				TARGETED_DEVICE_FAMILY = "1,2";
				VALIDATE_PRODUCT = YES;
			};
			name = Release;
		};
		C04FCAFF24F194FB000CD3DE /* Debug */ = {
			isa = XCBuildConfiguration;
			buildSettings = {
				ASSETCATALOG_COMPILER_APPICON_NAME = AppIcon;
				ASSETCATALOG_COMPILER_GLOBAL_ACCENT_COLOR_NAME = AccentColor;
				CODE_SIGN_ENTITLEMENTS = macOS/macOS.entitlements;
				CODE_SIGN_STYLE = Automatic;
				COMBINE_HIDPI_IMAGES = YES;
				DEVELOPMENT_TEAM = WWUCR9U4P8;
				ENABLE_HARDENED_RUNTIME = YES;
				ENABLE_PREVIEWS = YES;
				INFOPLIST_FILE = macOS/Info.plist;
				LD_RUNPATH_SEARCH_PATHS = (
					"$(inherited)",
					"@executable_path/../Frameworks",
				);
				MACOSX_DEPLOYMENT_TARGET = 11.0;
				PRODUCT_BUNDLE_IDENTIFIER = com.dillonnys.MoodAI;
				PRODUCT_NAME = MoodAI;
				SDKROOT = macosx;
				SWIFT_VERSION = 5.0;
			};
			name = Debug;
		};
		C04FCB0024F194FB000CD3DE /* Release */ = {
			isa = XCBuildConfiguration;
			buildSettings = {
				ASSETCATALOG_COMPILER_APPICON_NAME = AppIcon;
				ASSETCATALOG_COMPILER_GLOBAL_ACCENT_COLOR_NAME = AccentColor;
				CODE_SIGN_ENTITLEMENTS = macOS/macOS.entitlements;
				CODE_SIGN_STYLE = Automatic;
				COMBINE_HIDPI_IMAGES = YES;
				DEVELOPMENT_TEAM = WWUCR9U4P8;
				ENABLE_HARDENED_RUNTIME = YES;
				ENABLE_PREVIEWS = YES;
				INFOPLIST_FILE = macOS/Info.plist;
				LD_RUNPATH_SEARCH_PATHS = (
					"$(inherited)",
					"@executable_path/../Frameworks",
				);
				MACOSX_DEPLOYMENT_TARGET = 11.0;
				PRODUCT_BUNDLE_IDENTIFIER = com.dillonnys.MoodAI;
				PRODUCT_NAME = MoodAI;
				SDKROOT = macosx;
				SWIFT_VERSION = 5.0;
			};
			name = Release;
		};
		C04FCB0224F194FB000CD3DE /* Debug */ = {
			isa = XCBuildConfiguration;
			buildSettings = {
				ALWAYS_EMBED_SWIFT_STANDARD_LIBRARIES = YES;
				CODE_SIGN_STYLE = Automatic;
				DEVELOPMENT_TEAM = WWUCR9U4P8;
				INFOPLIST_FILE = "Tests iOS/Info.plist";
				IPHONEOS_DEPLOYMENT_TARGET = 14.0;
				LD_RUNPATH_SEARCH_PATHS = (
					"$(inherited)",
					"@executable_path/Frameworks",
					"@loader_path/Frameworks",
				);
				PRODUCT_BUNDLE_IDENTIFIER = "com.dillonnys.Tests-iOS";
				PRODUCT_NAME = "$(TARGET_NAME)";
				SDKROOT = iphoneos;
				SWIFT_VERSION = 5.0;
				TARGETED_DEVICE_FAMILY = "1,2";
				TEST_TARGET_NAME = "MoodAI (iOS)";
			};
			name = Debug;
		};
		C04FCB0324F194FB000CD3DE /* Release */ = {
			isa = XCBuildConfiguration;
			buildSettings = {
				ALWAYS_EMBED_SWIFT_STANDARD_LIBRARIES = YES;
				CODE_SIGN_STYLE = Automatic;
				DEVELOPMENT_TEAM = WWUCR9U4P8;
				INFOPLIST_FILE = "Tests iOS/Info.plist";
				IPHONEOS_DEPLOYMENT_TARGET = 14.0;
				LD_RUNPATH_SEARCH_PATHS = (
					"$(inherited)",
					"@executable_path/Frameworks",
					"@loader_path/Frameworks",
				);
				PRODUCT_BUNDLE_IDENTIFIER = "com.dillonnys.Tests-iOS";
				PRODUCT_NAME = "$(TARGET_NAME)";
				SDKROOT = iphoneos;
				SWIFT_VERSION = 5.0;
				TARGETED_DEVICE_FAMILY = "1,2";
				TEST_TARGET_NAME = "MoodAI (iOS)";
				VALIDATE_PRODUCT = YES;
			};
			name = Release;
		};
		C04FCB0524F194FB000CD3DE /* Debug */ = {
			isa = XCBuildConfiguration;
			buildSettings = {
				ALWAYS_EMBED_SWIFT_STANDARD_LIBRARIES = YES;
				CODE_SIGN_STYLE = Automatic;
				COMBINE_HIDPI_IMAGES = YES;
				DEVELOPMENT_TEAM = WWUCR9U4P8;
				INFOPLIST_FILE = "Tests macOS/Info.plist";
				LD_RUNPATH_SEARCH_PATHS = (
					"$(inherited)",
					"@executable_path/../Frameworks",
					"@loader_path/../Frameworks",
				);
				MACOSX_DEPLOYMENT_TARGET = 10.15;
				PRODUCT_BUNDLE_IDENTIFIER = "com.dillonnys.Tests-macOS";
				PRODUCT_NAME = "$(TARGET_NAME)";
				SDKROOT = macosx;
				SWIFT_VERSION = 5.0;
				TEST_TARGET_NAME = "MoodAI (macOS)";
			};
			name = Debug;
		};
		C04FCB0624F194FB000CD3DE /* Release */ = {
			isa = XCBuildConfiguration;
			buildSettings = {
				ALWAYS_EMBED_SWIFT_STANDARD_LIBRARIES = YES;
				CODE_SIGN_STYLE = Automatic;
				COMBINE_HIDPI_IMAGES = YES;
				DEVELOPMENT_TEAM = WWUCR9U4P8;
				INFOPLIST_FILE = "Tests macOS/Info.plist";
				LD_RUNPATH_SEARCH_PATHS = (
					"$(inherited)",
					"@executable_path/../Frameworks",
					"@loader_path/../Frameworks",
				);
				MACOSX_DEPLOYMENT_TARGET = 10.15;
				PRODUCT_BUNDLE_IDENTIFIER = "com.dillonnys.Tests-macOS";
				PRODUCT_NAME = "$(TARGET_NAME)";
				SDKROOT = macosx;
				SWIFT_VERSION = 5.0;
				TEST_TARGET_NAME = "MoodAI (macOS)";
			};
			name = Release;
		};
/* End XCBuildConfiguration section */

/* Begin XCConfigurationList section */
		C04FCAC824F194FA000CD3DE /* Build configuration list for PBXProject "MoodAI" */ = {
			isa = XCConfigurationList;
			buildConfigurations = (
				C04FCAF924F194FB000CD3DE /* Debug */,
				C04FCAFA24F194FB000CD3DE /* Release */,
			);
			defaultConfigurationIsVisible = 0;
			defaultConfigurationName = Release;
		};
		C04FCAFB24F194FB000CD3DE /* Build configuration list for PBXNativeTarget "MoodAI (iOS)" */ = {
			isa = XCConfigurationList;
			buildConfigurations = (
				C04FCAFC24F194FB000CD3DE /* Debug */,
				C04FCAFD24F194FB000CD3DE /* Release */,
			);
			defaultConfigurationIsVisible = 0;
			defaultConfigurationName = Release;
		};
		C04FCAFE24F194FB000CD3DE /* Build configuration list for PBXNativeTarget "MoodAI (macOS)" */ = {
			isa = XCConfigurationList;
			buildConfigurations = (
				C04FCAFF24F194FB000CD3DE /* Debug */,
				C04FCB0024F194FB000CD3DE /* Release */,
			);
			defaultConfigurationIsVisible = 0;
			defaultConfigurationName = Release;
		};
		C04FCB0124F194FB000CD3DE /* Build configuration list for PBXNativeTarget "Tests iOS" */ = {
			isa = XCConfigurationList;
			buildConfigurations = (
				C04FCB0224F194FB000CD3DE /* Debug */,
				C04FCB0324F194FB000CD3DE /* Release */,
			);
			defaultConfigurationIsVisible = 0;
			defaultConfigurationName = Release;
		};
		C04FCB0424F194FB000CD3DE /* Build configuration list for PBXNativeTarget "Tests macOS" */ = {
			isa = XCConfigurationList;
			buildConfigurations = (
				C04FCB0524F194FB000CD3DE /* Debug */,
				C04FCB0624F194FB000CD3DE /* Release */,
			);
			defaultConfigurationIsVisible = 0;
			defaultConfigurationName = Release;
		};
/* End XCConfigurationList section */

/* Begin XCVersionGroup section */
		C0D43AA624FC05C0004C1522 /* MoodAI.xcdatamodeld */ = {
			isa = XCVersionGroup;
			children = (
				C0D43AA724FC05C0004C1522 /* Shared.xcdatamodel */,
			);
			currentVersion = C0D43AA724FC05C0004C1522 /* Shared.xcdatamodel */;
			path = MoodAI.xcdatamodeld;
			sourceTree = "<group>";
			versionGroupType = wrapper.xcdatamodel;
		};
/* End XCVersionGroup section */
	};
	rootObject = C04FCAC524F194FA000CD3DE /* Project object */;
}
